
Microsoft Visual Studio Solution File, Format Version 12.00
# Visual Studio 15
VisualStudioVersion = 15.0.27004.2008
MinimumVisualStudioVersion = 10.0.40219.1
Project("{FAE04EC0-301F-11D3-BF4B-00C04F79EFBC}") = "RemoteConnectionManager", "RemoteConnectionManager\RemoteConnectionManager.csproj", "{A589654C-9E29-4BEA-A010-5D6837392EF9}"
EndProject
Project("{FAE04EC0-301F-11D3-BF4B-00C04F79EFBC}") = "RemoteConnectionManager.Core", "RemoteConnectionManager.Core\RemoteConnectionManager.Core.csproj", "{3A8AD292-ABF0-4A77-BE6F-C634C368BAD0}"
EndProject
Project("{FAE04EC0-301F-11D3-BF4B-00C04F79EFBC}") = "RemoteConnectionManager.ExternalProcess", "RemoteConnectionManager.ExternalProcess\RemoteConnectionManager.ExternalProcess.csproj", "{AB04735D-544A-4FF7-8814-5B8E87F01770}"
EndProject
Project("{2150E333-8FDC-42A3-9474-1A3956D46DE8}") = "dist", "dist", "{6EF5D07A-8612-4851-A9D9-4C95055F76FA}"
	ProjectSection(SolutionItems) = preProject
		..\dist\putty.exe = ..\dist\putty.exe
	EndProjectSection
EndProject
Project("{FAE04EC0-301F-11D3-BF4B-00C04F79EFBC}") = "RemoteConnectionManager.Rdp", "RemoteConnectionManager.Rdp\RemoteConnectionManager.Rdp.csproj", "{E59D3D35-4CBE-4D35-BEE1-4DD515AAB21F}"
EndProject
Global
	GlobalSection(SolutionConfigurationPlatforms) = preSolution
		Debug|Any CPU = Debug|Any CPU
		Release|Any CPU = Release|Any CPU
	EndGlobalSection
	GlobalSection(ProjectConfigurationPlatforms) = postSolution
		{A589654C-9E29-4BEA-A010-5D6837392EF9}.Debug|Any CPU.ActiveCfg = Debug|Any CPU
		{A589654C-9E29-4BEA-A010-5D6837392EF9}.Debug|Any CPU.Build.0 = Debug|Any CPU
		{A589654C-9E29-4BEA-A010-5D6837392EF9}.Release|Any CPU.ActiveCfg = Release|Any CPU
		{A589654C-9E29-4BEA-A010-5D6837392EF9}.Release|Any CPU.Build.0 = Release|Any CPU
		{3A8AD292-ABF0-4A77-BE6F-C634C368BAD0}.Debug|Any CPU.ActiveCfg = Debug|Any CPU
		{3A8AD292-ABF0-4A77-BE6F-C634C368BAD0}.Debug|Any CPU.Build.0 = Debug|Any CPU
		{3A8AD292-ABF0-4A77-BE6F-C634C368BAD0}.Release|Any CPU.ActiveCfg = Release|Any CPU
		{3A8AD292-ABF0-4A77-BE6F-C634C368BAD0}.Release|Any CPU.Build.0 = Release|Any CPU
		{AB04735D-544A-4FF7-8814-5B8E87F01770}.Debug|Any CPU.ActiveCfg = Debug|Any CPU
		{AB04735D-544A-4FF7-8814-5B8E87F01770}.Debug|Any CPU.Build.0 = Debug|Any CPU
		{AB04735D-544A-4FF7-8814-5B8E87F01770}.Release|Any CPU.ActiveCfg = Release|Any CPU
		{AB04735D-544A-4FF7-8814-5B8E87F01770}.Release|Any CPU.Build.0 = Release|Any CPU
		{E59D3D35-4CBE-4D35-BEE1-4DD515AAB21F}.Debug|Any CPU.ActiveCfg = Debug|Any CPU
		{E59D3D35-4CBE-4D35-BEE1-4DD515AAB21F}.Debug|Any CPU.Build.0 = Debug|Any CPU
		{E59D3D35-4CBE-4D35-BEE1-4DD515AAB21F}.Release|Any CPU.ActiveCfg = Release|Any CPU
		{E59D3D35-4CBE-4D35-BEE1-4DD515AAB21F}.Release|Any CPU.Build.0 = Release|Any CPU
	EndGlobalSection
	GlobalSection(SolutionProperties) = preSolution
		HideSolutionNode = FALSE
	EndGlobalSection
	GlobalSection(ExtensibilityGlobals) = postSolution
		SolutionGuid = {5391040E-891D-47C1-BD98-4C156359A22A}
	EndGlobalSection
EndGlobal
